
Microsoft Visual Studio Solution File, Format Version 12.00
# Visual Studio Version 17
VisualStudioVersion = 17.7.34003.232
MinimumVisualStudioVersion = 10.0.40219.1
Project("{FAE04EC0-301F-11D3-BF4B-00C04F79EFBC}") = "VehicleMS", "VehicleMS\VehicleMS.csproj", "{3A5C2A34-880F-410A-92F9-AEBC50B469DB}"
EndProject
Global
	GlobalSection(SolutionConfigurationPlatforms) = preSolution
		Debug|Any CPU = Debug|Any CPU
		Release|Any CPU = Release|Any CPU
	EndGlobalSection
	GlobalSection(ProjectConfigurationPlatforms) = postSolution
		{3A5C2A34-880F-410A-92F9-AEBC50B469DB}.Debug|Any CPU.ActiveCfg = Debug|Any CPU
		{3A5C2A34-880F-410A-92F9-AEBC50B469DB}.Debug|Any CPU.Build.0 = Debug|Any CPU
		{3A5C2A34-880F-410A-92F9-AEBC50B469DB}.Release|Any CPU.ActiveCfg = Release|Any CPU
		{3A5C2A34-880F-410A-92F9-AEBC50B469DB}.Release|Any CPU.Build.0 = Release|Any CPU
	EndGlobalSection
	GlobalSection(SolutionProperties) = preSolution
		HideSolutionNode = FALSE
	EndGlobalSection
	GlobalSection(ExtensibilityGlobals) = postSolution
		SolutionGuid = {C5E37B21-09BA-4250-8AB4-3D759DE34569}
	EndGlobalSection
EndGlobal
